
Microsoft Visual Studio Solution File, Format Version 12.00
# Visual Studio Version 16
VisualStudioVersion = 16.0.30611.23
MinimumVisualStudioVersion = 10.0.40219.1
Project("{9A19103F-16F7-4668-BE54-9A1E7A4F7556}") = "TradeManager.Domain", "TradeManager.Domain\TradeManager.Domain.csproj", "{2FEDAE5E-1EDD-464B-8D10-6E5FF78B210E}"
EndProject
Project("{9A19103F-16F7-4668-BE54-9A1E7A4F7556}") = "TradeManager.Service", "TradeManager.Service\TradeManager.Service.csproj", "{B49F7365-8A78-45B8-8F83-B8D8D3FB7386}"
EndProject
Project("{9A19103F-16F7-4668-BE54-9A1E7A4F7556}") = "TradeManager.Api", "TradeManager.Api\TradeManager.Api.csproj", "{E92DF1C7-E4B6-490E-9F61-B2851DC914CF}"
EndProject
Project("{FAE04EC0-301F-11D3-BF4B-00C04F79EFBC}") = "TradeManager.Scheduler.Web", "TradeManager.Scheduler.Web\TradeManager.Scheduler.Web.csproj", "{BD791493-1A3C-466C-8CF9-EF94B27619D5}"
EndProject
Global
	GlobalSection(SolutionConfigurationPlatforms) = preSolution
		Debug|Any CPU = Debug|Any CPU
		Release|Any CPU = Release|Any CPU
	EndGlobalSection
	GlobalSection(ProjectConfigurationPlatforms) = postSolution
		{2FEDAE5E-1EDD-464B-8D10-6E5FF78B210E}.Debug|Any CPU.ActiveCfg = Debug|Any CPU
		{2FEDAE5E-1EDD-464B-8D10-6E5FF78B210E}.Debug|Any CPU.Build.0 = Debug|Any CPU
		{2FEDAE5E-1EDD-464B-8D10-6E5FF78B210E}.Release|Any CPU.ActiveCfg = Release|Any CPU
		{2FEDAE5E-1EDD-464B-8D10-6E5FF78B210E}.Release|Any CPU.Build.0 = Release|Any CPU
		{B49F7365-8A78-45B8-8F83-B8D8D3FB7386}.Debug|Any CPU.ActiveCfg = Debug|Any CPU
		{B49F7365-8A78-45B8-8F83-B8D8D3FB7386}.Debug|Any CPU.Build.0 = Debug|Any CPU
		{B49F7365-8A78-45B8-8F83-B8D8D3FB7386}.Release|Any CPU.ActiveCfg = Release|Any CPU
		{B49F7365-8A78-45B8-8F83-B8D8D3FB7386}.Release|Any CPU.Build.0 = Release|Any CPU
		{E92DF1C7-E4B6-490E-9F61-B2851DC914CF}.Debug|Any CPU.ActiveCfg = Debug|Any CPU
		{E92DF1C7-E4B6-490E-9F61-B2851DC914CF}.Debug|Any CPU.Build.0 = Debug|Any CPU
		{E92DF1C7-E4B6-490E-9F61-B2851DC914CF}.Release|Any CPU.ActiveCfg = Release|Any CPU
		{E92DF1C7-E4B6-490E-9F61-B2851DC914CF}.Release|Any CPU.Build.0 = Release|Any CPU
		{BD791493-1A3C-466C-8CF9-EF94B27619D5}.Debug|Any CPU.ActiveCfg = Debug|Any CPU
		{BD791493-1A3C-466C-8CF9-EF94B27619D5}.Debug|Any CPU.Build.0 = Debug|Any CPU
		{BD791493-1A3C-466C-8CF9-EF94B27619D5}.Release|Any CPU.ActiveCfg = Release|Any CPU
		{BD791493-1A3C-466C-8CF9-EF94B27619D5}.Release|Any CPU.Build.0 = Release|Any CPU
	EndGlobalSection
	GlobalSection(SolutionProperties) = preSolution
		HideSolutionNode = FALSE
	EndGlobalSection
	GlobalSection(ExtensibilityGlobals) = postSolution
		SolutionGuid = {3BB4686B-814D-4EBD-9489-4CA816DD4275}
	EndGlobalSection
EndGlobal
